
Microsoft Visual Studio Solution File, Format Version 12.00
# Visual Studio Version 17
VisualStudioVersion = 17.0.31903.59
MinimumVisualStudioVersion = 10.0.40219.1
Project("{FAE04EC0-301F-11D3-BF4B-00C04F79EFBC}") = "ListOpgaveTest", "ListOpgaveTest\ListOpgaveTest.csproj", "{5C264DDA-1C33-4D6F-AB4E-44930ED6F5EF}"
EndProject
Global
	GlobalSection(SolutionConfigurationPlatforms) = preSolution
		Debug|Any CPU = Debug|Any CPU
		Release|Any CPU = Release|Any CPU
	EndGlobalSection
	GlobalSection(SolutionProperties) = preSolution
		HideSolutionNode = FALSE
	EndGlobalSection
	GlobalSection(ProjectConfigurationPlatforms) = postSolution
		{5C264DDA-1C33-4D6F-AB4E-44930ED6F5EF}.Debug|Any CPU.ActiveCfg = Debug|Any CPU
		{5C264DDA-1C33-4D6F-AB4E-44930ED6F5EF}.Debug|Any CPU.Build.0 = Debug|Any CPU
		{5C264DDA-1C33-4D6F-AB4E-44930ED6F5EF}.Release|Any CPU.ActiveCfg = Release|Any CPU
		{5C264DDA-1C33-4D6F-AB4E-44930ED6F5EF}.Release|Any CPU.Build.0 = Release|Any CPU
	EndGlobalSection
EndGlobal
